
Microsoft Visual Studio Solution File, Format Version 12.00
# Visual Studio 15
Project("{FAE04EC0-301F-11D3-BF4B-00C04F79EFBC}") = "Own.Front", "Own.Front\Own.Front.csproj", "{9BC45AA6-988C-4493-BDC7-D121D5DC3B18}"
EndProject
Project("{FAE04EC0-301F-11D3-BF4B-00C04F79EFBC}") = "Own.Backend", "Own.Backend\Own.Backend.csproj", "{2FD0D827-C318-400D-BB06-29620DBE2E04}"
EndProject
Project("{FAE04EC0-301F-11D3-BF4B-00C04F79EFBC}") = "Own.Business", "Own.Business\Own.Business.csproj", "{5724B9E5-9270-468F-BA54-41230CCBE3BC}"
EndProject
Project("{D954291E-2A0B-460D-934E-DC6B0785DB48}") = "Own.About", "Own.About\Own.About.shproj", "{1E2E3303-AA16-40EE-9D11-A20C42398372}"
EndProject
Global
	GlobalSection(SolutionConfigurationPlatforms) = preSolution
		Debug|x86 = Debug|x86
		Release|x86 = Release|x86
	EndGlobalSection
	GlobalSection(ProjectConfigurationPlatforms) = postSolution
		{9BC45AA6-988C-4493-BDC7-D121D5DC3B18}.Debug|x86.ActiveCfg = Debug|x86
		{9BC45AA6-988C-4493-BDC7-D121D5DC3B18}.Debug|x86.Build.0 = Debug|x86
		{9BC45AA6-988C-4493-BDC7-D121D5DC3B18}.Release|x86.ActiveCfg = Release|x86
		{9BC45AA6-988C-4493-BDC7-D121D5DC3B18}.Release|x86.Build.0 = Release|x86
		{2FD0D827-C318-400D-BB06-29620DBE2E04}.Debug|x86.ActiveCfg = Debug|Any CPU
		{2FD0D827-C318-400D-BB06-29620DBE2E04}.Debug|x86.Build.0 = Debug|Any CPU
		{2FD0D827-C318-400D-BB06-29620DBE2E04}.Release|x86.ActiveCfg = Release|Any CPU
		{2FD0D827-C318-400D-BB06-29620DBE2E04}.Release|x86.Build.0 = Release|Any CPU
		{5724B9E5-9270-468F-BA54-41230CCBE3BC}.Debug|x86.ActiveCfg = Debug|Any CPU
		{5724B9E5-9270-468F-BA54-41230CCBE3BC}.Debug|x86.Build.0 = Debug|Any CPU
		{5724B9E5-9270-468F-BA54-41230CCBE3BC}.Release|x86.ActiveCfg = Release|Any CPU
		{5724B9E5-9270-468F-BA54-41230CCBE3BC}.Release|x86.Build.0 = Release|Any CPU
	EndGlobalSection
EndGlobal
